
Microsoft Visual Studio Solution File, Format Version 12.00
# Visual Studio Version 17
VisualStudioVersion = 17.7.34221.43
MinimumVisualStudioVersion = 10.0.40219.1
Project("{FAE04EC0-301F-11D3-BF4B-00C04F79EFBC}") = "Practico_2_Ej4", "Practico_2_Ej4\Practico_2_Ej4.csproj", "{27962F50-2F41-4B92-9344-7E6B5D7D1616}"
EndProject
Global
	GlobalSection(SolutionConfigurationPlatforms) = preSolution
		Debug|Any CPU = Debug|Any CPU
		Release|Any CPU = Release|Any CPU
	EndGlobalSection
	GlobalSection(ProjectConfigurationPlatforms) = postSolution
		{27962F50-2F41-4B92-9344-7E6B5D7D1616}.Debug|Any CPU.ActiveCfg = Debug|Any CPU
		{27962F50-2F41-4B92-9344-7E6B5D7D1616}.Debug|Any CPU.Build.0 = Debug|Any CPU
		{27962F50-2F41-4B92-9344-7E6B5D7D1616}.Release|Any CPU.ActiveCfg = Release|Any CPU
		{27962F50-2F41-4B92-9344-7E6B5D7D1616}.Release|Any CPU.Build.0 = Release|Any CPU
	EndGlobalSection
	GlobalSection(SolutionProperties) = preSolution
		HideSolutionNode = FALSE
	EndGlobalSection
	GlobalSection(ExtensibilityGlobals) = postSolution
		SolutionGuid = {60CFAC6F-F838-46DD-9744-FC55C3C612CE}
	EndGlobalSection
EndGlobal
